
Microsoft Visual Studio Solution File, Format Version 12.00
# Visual Studio Version 16
VisualStudioVersion = 16.0.28315.86
MinimumVisualStudioVersion = 10.0.40219.1
Project("{2150E333-8FDC-42A3-9474-1A3956D46DE8}") = "Engine", "Engine", "{2AA6A951-83E1-46D5-826B-AF79276360EA}"
EndProject
Project("{2150E333-8FDC-42A3-9474-1A3956D46DE8}") = "Games", "Games", "{2DCD9EC8-D71D-4E62-90B7-29273339F8B6}"
EndProject
Project("{8BC9CEB8-8B4A-11D0-8D11-00A0C91BC942}") = "OUTRO2d", "Intermediate\ProjectFiles\OUTRO2d.vcxproj", "{E22318D2-BC09-4472-95BF-0C9182EF59CD}"
EndProject
Project("{8BC9CEB8-8B4A-11D0-8D11-00A0C91BC942}") = "UE4", "Intermediate\ProjectFiles\UE4.vcxproj", "{1850B7A2-BAB9-47AF-8102-A8864C20CA5E}"
EndProject
Project("{2150E333-8FDC-42A3-9474-1A3956D46DE8}") = "Visualizers", "Visualizers", "{09D50586-E160-4ACE-A6FC-07F37BB44640}"
	ProjectSection(SolutionItems) = preProject
		..\..\UE_4.23\Engine\Extras\VisualStudioDebugging\UE4.natvis = ..\..\UE_4.23\Engine\Extras\VisualStudioDebugging\UE4.natvis
	EndProjectSection
EndProject
Global
	GlobalSection(SolutionConfigurationPlatforms) = preSolution
		DebugGame Editor|HTML5 = DebugGame Editor|HTML5
		DebugGame Editor|Win32 = DebugGame Editor|Win32
		DebugGame Editor|Win64 = DebugGame Editor|Win64
		DebugGame|HTML5 = DebugGame|HTML5
		DebugGame|Win32 = DebugGame|Win32
		DebugGame|Win64 = DebugGame|Win64
		Development Editor|HTML5 = Development Editor|HTML5
		Development Editor|Win32 = Development Editor|Win32
		Development Editor|Win64 = Development Editor|Win64
		Development|HTML5 = Development|HTML5
		Development|Win32 = Development|Win32
		Development|Win64 = Development|Win64
		Shipping|HTML5 = Shipping|HTML5
		Shipping|Win32 = Shipping|Win32
		Shipping|Win64 = Shipping|Win64
	EndGlobalSection
	GlobalSection(ProjectConfigurationPlatforms) = postSolution
		{E22318D2-BC09-4472-95BF-0C9182EF59CD}.DebugGame Editor|HTML5.ActiveCfg = Invalid|Win32
		{E22318D2-BC09-4472-95BF-0C9182EF59CD}.DebugGame Editor|Win32.ActiveCfg = Invalid|Win32
		{E22318D2-BC09-4472-95BF-0C9182EF59CD}.DebugGame Editor|Win64.ActiveCfg = DebugGame_Editor|x64
		{E22318D2-BC09-4472-95BF-0C9182EF59CD}.DebugGame Editor|Win64.Build.0 = DebugGame_Editor|x64
		{E22318D2-BC09-4472-95BF-0C9182EF59CD}.DebugGame|HTML5.ActiveCfg = HTML5_DebugGame|Win32
		{E22318D2-BC09-4472-95BF-0C9182EF59CD}.DebugGame|HTML5.Build.0 = HTML5_DebugGame|Win32
		{E22318D2-BC09-4472-95BF-0C9182EF59CD}.DebugGame|Win32.ActiveCfg = DebugGame|Win32
		{E22318D2-BC09-4472-95BF-0C9182EF59CD}.DebugGame|Win32.Build.0 = DebugGame|Win32
		{E22318D2-BC09-4472-95BF-0C9182EF59CD}.DebugGame|Win64.ActiveCfg = DebugGame|x64
		{E22318D2-BC09-4472-95BF-0C9182EF59CD}.DebugGame|Win64.Build.0 = DebugGame|x64
		{E22318D2-BC09-4472-95BF-0C9182EF59CD}.Development Editor|HTML5.ActiveCfg = Invalid|Win32
		{E22318D2-BC09-4472-95BF-0C9182EF59CD}.Development Editor|Win32.ActiveCfg = Invalid|Win32
		{E22318D2-BC09-4472-95BF-0C9182EF59CD}.Development Editor|Win64.ActiveCfg = Development_Editor|x64
		{E22318D2-BC09-4472-95BF-0C9182EF59CD}.Development Editor|Win64.Build.0 = Development_Editor|x64
		{E22318D2-BC09-4472-95BF-0C9182EF59CD}.Development|HTML5.ActiveCfg = HTML5_Development|Win32
		{E22318D2-BC09-4472-95BF-0C9182EF59CD}.Development|HTML5.Build.0 = HTML5_Development|Win32
		{E22318D2-BC09-4472-95BF-0C9182EF59CD}.Development|Win32.ActiveCfg = Development|Win32
		{E22318D2-BC09-4472-95BF-0C9182EF59CD}.Development|Win32.Build.0 = Development|Win32
		{E22318D2-BC09-4472-95BF-0C9182EF59CD}.Development|Win64.ActiveCfg = Development|x64
		{E22318D2-BC09-4472-95BF-0C9182EF59CD}.Development|Win64.Build.0 = Development|x64
		{E22318D2-BC09-4472-95BF-0C9182EF59CD}.Shipping|HTML5.ActiveCfg = HTML5_Shipping|Win32
		{E22318D2-BC09-4472-95BF-0C9182EF59CD}.Shipping|HTML5.Build.0 = HTML5_Shipping|Win32
		{E22318D2-BC09-4472-95BF-0C9182EF59CD}.Shipping|Win32.ActiveCfg = Shipping|Win32
		{E22318D2-BC09-4472-95BF-0C9182EF59CD}.Shipping|Win32.Build.0 = Shipping|Win32
		{E22318D2-BC09-4472-95BF-0C9182EF59CD}.Shipping|Win64.ActiveCfg = Shipping|x64
		{E22318D2-BC09-4472-95BF-0C9182EF59CD}.Shipping|Win64.Build.0 = Shipping|x64
		{1850B7A2-BAB9-47AF-8102-A8864C20CA5E}.DebugGame Editor|HTML5.ActiveCfg = BuiltWithUnrealBuildTool|Win32
		{1850B7A2-BAB9-47AF-8102-A8864C20CA5E}.DebugGame Editor|Win32.ActiveCfg = BuiltWithUnrealBuildTool|Win32
		{1850B7A2-BAB9-47AF-8102-A8864C20CA5E}.DebugGame Editor|Win64.ActiveCfg = BuiltWithUnrealBuildTool|Win32
		{1850B7A2-BAB9-47AF-8102-A8864C20CA5E}.DebugGame|HTML5.ActiveCfg = BuiltWithUnrealBuildTool|Win32
		{1850B7A2-BAB9-47AF-8102-A8864C20CA5E}.DebugGame|Win32.ActiveCfg = BuiltWithUnrealBuildTool|Win32
		{1850B7A2-BAB9-47AF-8102-A8864C20CA5E}.DebugGame|Win64.ActiveCfg = BuiltWithUnrealBuildTool|Win32
		{1850B7A2-BAB9-47AF-8102-A8864C20CA5E}.Development Editor|HTML5.ActiveCfg = BuiltWithUnrealBuildTool|Win32
		{1850B7A2-BAB9-47AF-8102-A8864C20CA5E}.Development Editor|Win32.ActiveCfg = BuiltWithUnrealBuildTool|Win32
		{1850B7A2-BAB9-47AF-8102-A8864C20CA5E}.Development Editor|Win64.ActiveCfg = BuiltWithUnrealBuildTool|Win32
		{1850B7A2-BAB9-47AF-8102-A8864C20CA5E}.Development|HTML5.ActiveCfg = BuiltWithUnrealBuildTool|Win32
		{1850B7A2-BAB9-47AF-8102-A8864C20CA5E}.Development|Win32.ActiveCfg = BuiltWithUnrealBuildTool|Win32
		{1850B7A2-BAB9-47AF-8102-A8864C20CA5E}.Development|Win64.ActiveCfg = BuiltWithUnrealBuildTool|Win32
		{1850B7A2-BAB9-47AF-8102-A8864C20CA5E}.Shipping|HTML5.ActiveCfg = BuiltWithUnrealBuildTool|Win32
		{1850B7A2-BAB9-47AF-8102-A8864C20CA5E}.Shipping|Win32.ActiveCfg = BuiltWithUnrealBuildTool|Win32
		{1850B7A2-BAB9-47AF-8102-A8864C20CA5E}.Shipping|Win64.ActiveCfg = BuiltWithUnrealBuildTool|Win32
	EndGlobalSection
	GlobalSection(SolutionProperties) = preSolution
		HideSolutionNode = FALSE
	EndGlobalSection
	GlobalSection(NestedProjects) = preSolution
		{1850B7A2-BAB9-47AF-8102-A8864C20CA5E} = {2AA6A951-83E1-46D5-826B-AF79276360EA}
		{E22318D2-BC09-4472-95BF-0C9182EF59CD} = {2DCD9EC8-D71D-4E62-90B7-29273339F8B6}
	EndGlobalSection
EndGlobal
